// !$*UTF8*$!
{
	archiveVersion = 1;
	classes = {
	};
	objectVersion = 46;
	objects = {

/* Begin PBXBuildFile section */
		ECA3E6C1198F6FC10029EF9E /* Foundation.framework in Frameworks */ = {isa = PBXBuildFile; fileRef = ECA3E6C0198F6FC10029EF9E /* Foundation.framework */; };
		ECA3E6C3198F6FC10029EF9E /* CoreGraphics.framework in Frameworks */ = {isa = PBXBuildFile; fileRef = ECA3E6C2198F6FC10029EF9E /* CoreGraphics.framework */; };
		ECA3E6C5198F6FC10029EF9E /* UIKit.framework in Frameworks */ = {isa = PBXBuildFile; fileRef = ECA3E6C4198F6FC10029EF9E /* UIKit.framework */; };
		ECA3E6CB198F6FC10029EF9E /* InfoPlist.strings in Resources */ = {isa = PBXBuildFile; fileRef = ECA3E6C9198F6FC10029EF9E /* InfoPlist.strings */; };
		ECA3E6CD198F6FC10029EF9E /* main.m in Sources */ = {isa = PBXBuildFile; fileRef = ECA3E6CC198F6FC10029EF9E /* main.m */; };
		ECA3E6D1198F6FC10029EF9E /* AppDelegate.m in Sources */ = {isa = PBXBuildFile; fileRef = ECA3E6D0198F6FC10029EF9E /* AppDelegate.m */; };
		ECA3E6D4198F6FC10029EF9E /* Main.storyboard in Resources */ = {isa = PBXBuildFile; fileRef = ECA3E6D2198F6FC10029EF9E /* Main.storyboard */; };
		ECA3E6D7198F6FC10029EF9E /* ViewController.m in Sources */ = {isa = PBXBuildFile; fileRef = ECA3E6D6198F6FC10029EF9E /* ViewController.m */; };
		ECA3E6D9198F6FC10029EF9E /* Images.xcassets in Resources */ = {isa = PBXBuildFile; fileRef = ECA3E6D8198F6FC10029EF9E /* Images.xcassets */; };
		ECA3E6E0198F6FC10029EF9E /* XCTest.framework in Frameworks */ = {isa = PBXBuildFile; fileRef = ECA3E6DF198F6FC10029EF9E /* XCTest.framework */; };
		ECA3E6E1198F6FC10029EF9E /* Foundation.framework in Frameworks */ = {isa = PBXBuildFile; fileRef = ECA3E6C0198F6FC10029EF9E /* Foundation.framework */; };
		ECA3E6E2198F6FC10029EF9E /* UIKit.framework in Frameworks */ = {isa = PBXBuildFile; fileRef = ECA3E6C4198F6FC10029EF9E /* UIKit.framework */; };
		ECA3E6EA198F6FC10029EF9E /* InfoPlist.strings in Resources */ = {isa = PBXBuildFile; fileRef = ECA3E6E8198F6FC10029EF9E /* InfoPlist.strings */; };
		ECA3E6EC198F6FC10029EF9E /* expendAlertViewDemoTests.m in Sources */ = {isa = PBXBuildFile; fileRef = ECA3E6EB198F6FC10029EF9E /* expendAlertViewDemoTests.m */; };
		ECA3E6F9198F711C0029EF9E /* AlartViewController.m in Sources */ = {isa = PBXBuildFile; fileRef = ECA3E6F7198F711C0029EF9E /* AlartViewController.m */; };
		ECA3E6FA198F711C0029EF9E /* AlartViewController.xib in Resources */ = {isa = PBXBuildFile; fileRef = ECA3E6F8198F711C0029EF9E /* AlartViewController.xib */; };
/* End PBXBuildFile section */

/* Begin PBXContainerItemProxy section */
		ECA3E6E3198F6FC10029EF9E /* PBXContainerItemProxy */ = {
			isa = PBXContainerItemProxy;
			containerPortal = ECA3E6B5198F6FC10029EF9E /* Project object */;
			proxyType = 1;
			remoteGlobalIDString = ECA3E6BC198F6FC10029EF9E;
			remoteInfo = expendAlertViewDemo;
		};
/* End PBXContainerItemProxy section */

/* Begin PBXFileReference section */
		ECA3E6BD198F6FC10029EF9E /* expendAlertViewDemo.app */ = {isa = PBXFileReference; explicitFileType = wrapper.application; includeInIndex = 0; path = expendAlertViewDemo.app; sourceTree = BUILT_PRODUCTS_DIR; };
		ECA3E6C0198F6FC10029EF9E /* Foundation.framework */ = {isa = PBXFileReference; lastKnownFileType = wrapper.framework; name = Foundation.framework; path = System/Library/Frameworks/Foundation.framework; sourceTree = SDKROOT; };
		ECA3E6C2198F6FC10029EF9E /* CoreGraphics.framework */ = {isa = PBXFileReference; lastKnownFileType = wrapper.framework; name = CoreGraphics.framework; path = System/Library/Frameworks/CoreGraphics.framework; sourceTree = SDKROOT; };
		ECA3E6C4198F6FC10029EF9E /* UIKit.framework */ = {isa = PBXFileReference; lastKnownFileType = wrapper.framework; name = UIKit.framework; path = System/Library/Frameworks/UIKit.framework; sourceTree = SDKROOT; };
		ECA3E6C8198F6FC10029EF9E /* expendAlertViewDemo-Info.plist */ = {isa = PBXFileReference; lastKnownFileType = text.plist.xml; path = "expendAlertViewDemo-Info.plist"; sourceTree = "<group>"; };
		ECA3E6CA198F6FC10029EF9E /* en */ = {isa = PBXFileReference; lastKnownFileType = text.plist.strings; name = en; path = en.lproj/InfoPlist.strings; sourceTree = "<group>"; };
		ECA3E6CC198F6FC10029EF9E /* main.m */ = {isa = PBXFileReference; lastKnownFileType = sourcecode.c.objc; path = main.m; sourceTree = "<group>"; };
		ECA3E6CE198F6FC10029EF9E /* expendAlertViewDemo-Prefix.pch */ = {isa = PBXFileReference; lastKnownFileType = sourcecode.c.h; path = "expendAlertViewDemo-Prefix.pch"; sourceTree = "<group>"; };
		ECA3E6CF198F6FC10029EF9E /* AppDelegate.h */ = {isa = PBXFileReference; lastKnownFileType = sourcecode.c.h; path = AppDelegate.h; sourceTree = "<group>"; };
		ECA3E6D0198F6FC10029EF9E /* AppDelegate.m */ = {isa = PBXFileReference; lastKnownFileType = sourcecode.c.objc; path = AppDelegate.m; sourceTree = "<group>"; };
		ECA3E6D3198F6FC10029EF9E /* Base */ = {isa = PBXFileReference; lastKnownFileType = file.storyboard; name = Base; path = Base.lproj/Main.storyboard; sourceTree = "<group>"; };
		ECA3E6D5198F6FC10029EF9E /* ViewController.h */ = {isa = PBXFileReference; lastKnownFileType = sourcecode.c.h; path = ViewController.h; sourceTree = "<group>"; };
		ECA3E6D6198F6FC10029EF9E /* ViewController.m */ = {isa = PBXFileReference; lastKnownFileType = sourcecode.c.objc; path = ViewController.m; sourceTree = "<group>"; };
		ECA3E6D8198F6FC10029EF9E /* Images.xcassets */ = {isa = PBXFileReference; lastKnownFileType = folder.assetcatalog; path = Images.xcassets; sourceTree = "<group>"; };
		ECA3E6DE198F6FC10029EF9E /* expendAlertViewDemoTests.xctest */ = {isa = PBXFileReference; explicitFileType = wrapper.cfbundle; includeInIndex = 0; path = expendAlertViewDemoTests.xctest; sourceTree = BUILT_PRODUCTS_DIR; };
		ECA3E6DF198F6FC10029EF9E /* XCTest.framework */ = {isa = PBXFileReference; lastKnownFileType = wrapper.framework; name = XCTest.framework; path = Library/Frameworks/XCTest.framework; sourceTree = DEVELOPER_DIR; };
		ECA3E6E7198F6FC10029EF9E /* expendAlertViewDemoTests-Info.plist */ = {isa = PBXFileReference; lastKnownFileType = text.plist.xml; path = "expendAlertViewDemoTests-Info.plist"; sourceTree = "<group>"; };
		ECA3E6E9198F6FC10029EF9E /* en */ = {isa = PBXFileReference; lastKnownFileType = text.plist.strings; name = en; path = en.lproj/InfoPlist.strings; sourceTree = "<group>"; };
		ECA3E6EB198F6FC10029EF9E /* expendAlertViewDemoTests.m */ = {isa = PBXFileReference; lastKnownFileType = sourcecode.c.objc; path = expendAlertViewDemoTests.m; sourceTree = "<group>"; };
		ECA3E6F6198F711C0029EF9E /* AlartViewController.h */ = {isa = PBXFileReference; fileEncoding = 4; lastKnownFileType = sourcecode.c.h; path = AlartViewController.h; sourceTree = "<group>"; };
		ECA3E6F7198F711C0029EF9E /* AlartViewController.m */ = {isa = PBXFileReference; fileEncoding = 4; lastKnownFileType = sourcecode.c.objc; path = AlartViewController.m; sourceTree = "<group>"; };
		ECA3E6F8198F711C0029EF9E /* AlartViewController.xib */ = {isa = PBXFileReference; fileEncoding = 4; lastKnownFileType = file.xib; path = AlartViewController.xib; sourceTree = "<group>"; };
/* End PBXFileReference section */

/* Begin PBXFrameworksBuildPhase section */
		ECA3E6BA198F6FC10029EF9E /* Frameworks */ = {
			isa = PBXFrameworksBuildPhase;
			buildActionMask = 2147483647;
			files = (
				ECA3E6C3198F6FC10029EF9E /* CoreGraphics.framework in Frameworks */,
				ECA3E6C5198F6FC10029EF9E /* UIKit.framework in Frameworks */,
				ECA3E6C1198F6FC10029EF9E /* Foundation.framework in Frameworks */,
			);
			runOnlyForDeploymentPostprocessing = 0;
		};
		ECA3E6DB198F6FC10029EF9E /* Frameworks */ = {
			isa = PBXFrameworksBuildPhase;
			buildActionMask = 2147483647;
			files = (
				ECA3E6E0198F6FC10029EF9E /* XCTest.framework in Frameworks */,
				ECA3E6E2198F6FC10029EF9E /* UIKit.framework in Frameworks */,
				ECA3E6E1198F6FC10029EF9E /* Foundation.framework in Frameworks */,
			);
			runOnlyForDeploymentPostprocessing = 0;
		};
/* End PBXFrameworksBuildPhase section */

/* Begin PBXGroup section */
		ECA3E6B4198F6FC10029EF9E = {
			isa = PBXGroup;
			children = (
				ECA3E6C6198F6FC10029EF9E /* expendAlertViewDemo */,
				ECA3E6E5198F6FC10029EF9E /* expendAlertViewDemoTests */,
				ECA3E6BF198F6FC10029EF9E /* Frameworks */,
				ECA3E6BE198F6FC10029EF9E /* Products */,
			);
			sourceTree = "<group>";
		};
		ECA3E6BE198F6FC10029EF9E /* Products */ = {
			isa = PBXGroup;
			children = (
				ECA3E6BD198F6FC10029EF9E /* expendAlertViewDemo.app */,
				ECA3E6DE198F6FC10029EF9E /* expendAlertViewDemoTests.xctest */,
			);
			name = Products;
			sourceTree = "<group>";
		};
		ECA3E6BF198F6FC10029EF9E /* Frameworks */ = {
			isa = PBXGroup;
			children = (
				ECA3E6C0198F6FC10029EF9E /* Foundation.framework */,
				ECA3E6C2198F6FC10029EF9E /* CoreGraphics.framework */,
				ECA3E6C4198F6FC10029EF9E /* UIKit.framework */,
				ECA3E6DF198F6FC10029EF9E /* XCTest.framework */,
			);
			name = Frameworks;
			sourceTree = "<group>";
		};
		ECA3E6C6198F6FC10029EF9E /* expendAlertViewDemo */ = {
			isa = PBXGroup;
			children = (
				ECA3E6CF198F6FC10029EF9E /* AppDelegate.h */,
				ECA3E6D0198F6FC10029EF9E /* AppDelegate.m */,
				ECA3E6D2198F6FC10029EF9E /* Main.storyboard */,
				ECA3E6D5198F6FC10029EF9E /* ViewController.h */,
				ECA3E6F5198F711C0029EF9E /* ExpandAlertView */,
				ECA3E6D6198F6FC10029EF9E /* ViewController.m */,
				ECA3E6D8198F6FC10029EF9E /* Images.xcassets */,
				ECA3E6C7198F6FC10029EF9E /* Supporting Files */,
			);
			path = expendAlertViewDemo;
			sourceTree = "<group>";
		};
		ECA3E6C7198F6FC10029EF9E /* Supporting Files */ = {
			isa = PBXGroup;
			children = (
				ECA3E6C8198F6FC10029EF9E /* expendAlertViewDemo-Info.plist */,
				ECA3E6C9198F6FC10029EF9E /* InfoPlist.strings */,
				ECA3E6CC198F6FC10029EF9E /* main.m */,
				ECA3E6CE198F6FC10029EF9E /* expendAlertViewDemo-Prefix.pch */,
			);
			name = "Supporting Files";
			sourceTree = "<group>";
		};
		ECA3E6E5198F6FC10029EF9E /* expendAlertViewDemoTests */ = {
			isa = PBXGroup;
			children = (
				ECA3E6EB198F6FC10029EF9E /* expendAlertViewDemoTests.m */,
				ECA3E6E6198F6FC10029EF9E /* Supporting Files */,
			);
			path = expendAlertViewDemoTests;
			sourceTree = "<group>";
		};
		ECA3E6E6198F6FC10029EF9E /* Supporting Files */ = {
			isa = PBXGroup;
			children = (
				ECA3E6E7198F6FC10029EF9E /* expendAlertViewDemoTests-Info.plist */,
				ECA3E6E8198F6FC10029EF9E /* InfoPlist.strings */,
			);
			name = "Supporting Files";
			sourceTree = "<group>";
		};
		ECA3E6F5198F711C0029EF9E /* ExpandAlertView */ = {
			isa = PBXGroup;
			children = (
				ECA3E6F6198F711C0029EF9E /* AlartViewController.h */,
				ECA3E6F7198F711C0029EF9E /* AlartViewController.m */,
				ECA3E6F8198F711C0029EF9E /* AlartViewController.xib */,
			);
			path = ExpandAlertView;
			sourceTree = "<group>";
		};
/* End PBXGroup section */

/* Begin PBXNativeTarget section */
		ECA3E6BC198F6FC10029EF9E /* expendAlertViewDemo */ = {
			isa = PBXNativeTarget;
			buildConfigurationList = ECA3E6EF198F6FC20029EF9E /* Build configuration list for PBXNativeTarget "expendAlertViewDemo" */;
			buildPhases = (
				ECA3E6B9198F6FC10029EF9E /* Sources */,
				ECA3E6BA198F6FC10029EF9E /* Frameworks */,
				ECA3E6BB198F6FC10029EF9E /* Resources */,
			);
			buildRules = (
			);
			dependencies = (
			);
			name = expendAlertViewDemo;
			productName = expendAlertViewDemo;
			productReference = ECA3E6BD198F6FC10029EF9E /* expendAlertViewDemo.app */;
			productType = "com.apple.product-type.application";
		};
		ECA3E6DD198F6FC10029EF9E /* expendAlertViewDemoTests */ = {
			isa = PBXNativeTarget;
			buildConfigurationList = ECA3E6F2198F6FC20029EF9E /* Build configuration list for PBXNativeTarget "expendAlertViewDemoTests" */;
			buildPhases = (
				ECA3E6DA198F6FC10029EF9E /* Sources */,
				ECA3E6DB198F6FC10029EF9E /* Frameworks */,
				ECA3E6DC198F6FC10029EF9E /* Resources */,
			);
			buildRules = (
			);
			dependencies = (
				ECA3E6E4198F6FC10029EF9E /* PBXTargetDependency */,
			);
			name = expendAlertViewDemoTests;
			productName = expendAlertViewDemoTests;
			productReference = ECA3E6DE198F6FC10029EF9E /* expendAlertViewDemoTests.xctest */;
			productType = "com.apple.product-type.bundle.unit-test";
		};
/* End PBXNativeTarget section */

/* Begin PBXProject section */
		ECA3E6B5198F6FC10029EF9E /* Project object */ = {
			isa = PBXProject;
			attributes = {
				LastUpgradeCheck = 0510;
				ORGANIZATIONNAME = denty;
				TargetAttributes = {
					ECA3E6DD198F6FC10029EF9E = {
						TestTargetID = ECA3E6BC198F6FC10029EF9E;
					};
				};
			};
			buildConfigurationList = ECA3E6B8198F6FC10029EF9E /* Build configuration list for PBXProject "expendAlertViewDemo" */;
			compatibilityVersion = "Xcode 3.2";
			developmentRegion = English;
			hasScannedForEncodings = 0;
			knownRegions = (
				en,
				Base,
			);
			mainGroup = ECA3E6B4198F6FC10029EF9E;
			productRefGroup = ECA3E6BE198F6FC10029EF9E /* Products */;
			projectDirPath = "";
			projectRoot = "";
			targets = (
				ECA3E6BC198F6FC10029EF9E /* expendAlertViewDemo */,
				ECA3E6DD198F6FC10029EF9E /* expendAlertViewDemoTests */,
			);
		};
/* End PBXProject section */

/* Begin PBXResourcesBuildPhase section */
		ECA3E6BB198F6FC10029EF9E /* Resources */ = {
			isa = PBXResourcesBuildPhase;
			buildActionMask = 2147483647;
			files = (
				ECA3E6D9198F6FC10029EF9E /* Images.xcassets in Resources */,
				ECA3E6CB198F6FC10029EF9E /* InfoPlist.strings in Resources */,
				ECA3E6D4198F6FC10029EF9E /* Main.storyboard in Resources */,
				ECA3E6FA198F711C0029EF9E /* AlartViewController.xib in Resources */,
			);
			runOnlyForDeploymentPostprocessing = 0;
		};
		ECA3E6DC198F6FC10029EF9E /* Resources */ = {
			isa = PBXResourcesBuildPhase;
			buildActionMask = 2147483647;
			files = (
				ECA3E6EA198F6FC10029EF9E /* InfoPlist.strings in Resources */,
			);
			runOnlyForDeploymentPostprocessing = 0;
		};
/* End PBXResourcesBuildPhase section */

/* Begin PBXSourcesBuildPhase section */
		ECA3E6B9198F6FC10029EF9E /* Sources */ = {
			isa = PBXSourcesBuildPhase;
			buildActionMask = 2147483647;
			files = (
				ECA3E6D7198F6FC10029EF9E /* ViewController.m in Sources */,
				ECA3E6D1198F6FC10029EF9E /* AppDelegate.m in Sources */,
				ECA3E6CD198F6FC10029EF9E /* main.m in Sources */,
				ECA3E6F9198F711C0029EF9E /* AlartViewController.m in Sources */,
			);
			runOnlyForDeploymentPostprocessing = 0;
		};
		ECA3E6DA198F6FC10029EF9E /* Sources */ = {
			isa = PBXSourcesBuildPhase;
			buildActionMask = 2147483647;
			files = (
				ECA3E6EC198F6FC10029EF9E /* expendAlertViewDemoTests.m in Sources */,
			);
			runOnlyForDeploymentPostprocessing = 0;
		};
/* End PBXSourcesBuildPhase section */

/* Begin PBXTargetDependency section */
		ECA3E6E4198F6FC10029EF9E /* PBXTargetDependency */ = {
			isa = PBXTargetDependency;
			target = ECA3E6BC198F6FC10029EF9E /* expendAlertViewDemo */;
			targetProxy = ECA3E6E3198F6FC10029EF9E /* PBXContainerItemProxy */;
		};
/* End PBXTargetDependency section */

/* Begin PBXVariantGroup section */
		ECA3E6C9198F6FC10029EF9E /* InfoPlist.strings */ = {
			isa = PBXVariantGroup;
			children = (
				ECA3E6CA198F6FC10029EF9E /* en */,
			);
			name = InfoPlist.strings;
			sourceTree = "<group>";
		};
		ECA3E6D2198F6FC10029EF9E /* Main.storyboard */ = {
			isa = PBXVariantGroup;
			children = (
				ECA3E6D3198F6FC10029EF9E /* Base */,
			);
			name = Main.storyboard;
			sourceTree = "<group>";
		};
		ECA3E6E8198F6FC10029EF9E /* InfoPlist.strings */ = {
			isa = PBXVariantGroup;
			children = (
				ECA3E6E9198F6FC10029EF9E /* en */,
			);
			name = InfoPlist.strings;
			sourceTree = "<group>";
		};
/* End PBXVariantGroup section */

/* Begin XCBuildConfiguration section */
		ECA3E6ED198F6FC20029EF9E /* Debug */ = {
			isa = XCBuildConfiguration;
			buildSettings = {
				ALWAYS_SEARCH_USER_PATHS = NO;
				CLANG_CXX_LANGUAGE_STANDARD = "gnu++0x";
				CLANG_CXX_LIBRARY = "libc++";
				CLANG_ENABLE_MODULES = YES;
				CLANG_ENABLE_OBJC_ARC = YES;
				CLANG_WARN_BOOL_CONVERSION = YES;
				CLANG_WARN_CONSTANT_CONVERSION = YES;
				CLANG_WARN_DIRECT_OBJC_ISA_USAGE = YES_ERROR;
				CLANG_WARN_EMPTY_BODY = YES;
				CLANG_WARN_ENUM_CONVERSION = YES;
				CLANG_WARN_INT_CONVERSION = YES;
				CLANG_WARN_OBJC_ROOT_CLASS = YES_ERROR;
				CLANG_WARN__DUPLICATE_METHOD_MATCH = YES;
				"CODE_SIGN_IDENTITY[sdk=iphoneos*]" = "iPhone Developer";
				COPY_PHASE_STRIP = NO;
				GCC_C_LANGUAGE_STANDARD = gnu99;
				GCC_DYNAMIC_NO_PIC = NO;
				GCC_OPTIMIZATION_LEVEL = 0;
				GCC_PREPROCESSOR_DEFINITIONS = (
					"DEBUG=1",
					"$(inherited)",
				);
				GCC_SYMBOLS_PRIVATE_EXTERN = NO;
				GCC_WARN_64_TO_32_BIT_CONVERSION = YES;
				GCC_WARN_ABOUT_RETURN_TYPE = YES_ERROR;
				GCC_WARN_UNDECLARED_SELECTOR = YES;
				GCC_WARN_UNINITIALIZED_AUTOS = YES_AGGRESSIVE;
				GCC_WARN_UNUSED_FUNCTION = YES;
				GCC_WARN_UNUSED_VARIABLE = YES;
				IPHONEOS_DEPLOYMENT_TARGET = 7.1;
				ONLY_ACTIVE_ARCH = YES;
				SDKROOT = iphoneos;
			};
			name = Debug;
		};
		ECA3E6EE198F6FC20029EF9E /* Release */ = {
			isa = XCBuildConfiguration;
			buildSettings = {
				ALWAYS_SEARCH_USER_PATHS = NO;
				CLANG_CXX_LANGUAGE_STANDARD = "gnu++0x";
				CLANG_CXX_LIBRARY = "libc++";
				CLANG_ENABLE_MODULES = YES;
				CLANG_ENABLE_OBJC_ARC = YES;
				CLANG_WARN_BOOL_CONVERSION = YES;
				CLANG_WARN_CONSTANT_CONVERSION = YES;
				CLANG_WARN_DIRECT_OBJC_ISA_USAGE = YES_ERROR;
				CLANG_WARN_EMPTY_BODY = YES;
				CLANG_WARN_ENUM_CONVERSION = YES;
				CLANG_WARN_INT_CONVERSION = YES;
				CLANG_WARN_OBJC_ROOT_CLASS = YES_ERROR;
				CLANG_WARN__DUPLICATE_METHOD_MATCH = YES;
				"CODE_SIGN_IDENTITY[sdk=iphoneos*]" = "iPhone Developer";
				COPY_PHASE_STRIP = YES;
				ENABLE_NS_ASSERTIONS = NO;
				GCC_C_LANGUAGE_STANDARD = gnu99;
				GCC_WARN_64_TO_32_BIT_CONVERSION = YES;
				GCC_WARN_ABOUT_RETURN_TYPE = YES_ERROR;
				GCC_WARN_UNDECLARED_SELECTOR = YES;
				GCC_WARN_UNINITIALIZED_AUTOS = YES_AGGRESSIVE;
				GCC_WARN_UNUSED_FUNCTION = YES;
				GCC_WARN_UNUSED_VARIABLE = YES;
				IPHONEOS_DEPLOYMENT_TARGET = 7.1;
				SDKROOT = iphoneos;
				VALIDATE_PRODUCT = YES;
			};
			name = Release;
		};
		ECA3E6F0198F6FC20029EF9E /* Debug */ = {
			isa = XCBuildConfiguration;
			buildSettings = {
				ASSETCATALOG_COMPILER_APPICON_NAME = AppIcon;
				ASSETCATALOG_COMPILER_LAUNCHIMAGE_NAME = LaunchImage;
				GCC_PRECOMPILE_PREFIX_HEADER = YES;
				GCC_PREFIX_HEADER = "expendAlertViewDemo/expendAlertViewDemo-Prefix.pch";
				INFOPLIST_FILE = "expendAlertViewDemo/expendAlertViewDemo-Info.plist";
				PRODUCT_NAME = "$(TARGET_NAME)";
				WRAPPER_EXTENSION = app;
			};
			name = Debug;
		};
		ECA3E6F1198F6FC20029EF9E /* Release */ = {
			isa = XCBuildConfiguration;
			buildSettings = {
				ASSETCATALOG_COMPILER_APPICON_NAME = AppIcon;
				ASSETCATALOG_COMPILER_LAUNCHIMAGE_NAME = LaunchImage;
				GCC_PRECOMPILE_PREFIX_HEADER = YES;
				GCC_PREFIX_HEADER = "expendAlertViewDemo/expendAlertViewDemo-Prefix.pch";
				INFOPLIST_FILE = "expendAlertViewDemo/expendAlertViewDemo-Info.plist";
				PRODUCT_NAME = "$(TARGET_NAME)";
				WRAPPER_EXTENSION = app;
			};
			name = Release;
		};
		ECA3E6F3198F6FC20029EF9E /* Debug */ = {
			isa = XCBuildConfiguration;
			buildSettings = {
				BUNDLE_LOADER = "$(BUILT_PRODUCTS_DIR)/expendAlertViewDemo.app/expendAlertViewDemo";
				FRAMEWORK_SEARCH_PATHS = (
					"$(SDKROOT)/Developer/Library/Frameworks",
					"$(inherited)",
					"$(DEVELOPER_FRAMEWORKS_DIR)",
				);
				GCC_PRECOMPILE_PREFIX_HEADER = YES;
				GCC_PREFIX_HEADER = "expendAlertViewDemo/expendAlertViewDemo-Prefix.pch";
				GCC_PREPROCESSOR_DEFINITIONS = (
					"DEBUG=1",
					"$(inherited)",
				);
				INFOPLIST_FILE = "expendAlertViewDemoTests/expendAlertViewDemoTests-Info.plist";
				PRODUCT_NAME = "$(TARGET_NAME)";
				TEST_HOST = "$(BUNDLE_LOADER)";
				WRAPPER_EXTENSION = xctest;
			};
			name = Debug;
		};
		ECA3E6F4198F6FC20029EF9E /* Release */ = {
			isa = XCBuildConfiguration;
			buildSettings = {
				BUNDLE_LOADER = "$(BUILT_PRODUCTS_DIR)/expendAlertViewDemo.app/expendAlertViewDemo";
				FRAMEWORK_SEARCH_PATHS = (
					"$(SDKROOT)/Developer/Library/Frameworks",
					"$(inherited)",
					"$(DEVELOPER_FRAMEWORKS_DIR)",
				);
				GCC_PRECOMPILE_PREFIX_HEADER = YES;
				GCC_PREFIX_HEADER = "expendAlertViewDemo/expendAlertViewDemo-Prefix.pch";
				INFOPLIST_FILE = "expendAlertViewDemoTests/expendAlertViewDemoTests-Info.plist";
				PRODUCT_NAME = "$(TARGET_NAME)";
				TEST_HOST = "$(BUNDLE_LOADER)";
				WRAPPER_EXTENSION = xctest;
			};
			name = Release;
		};
/* End XCBuildConfiguration section */

/* Begin XCConfigurationList section */
		ECA3E6B8198F6FC10029EF9E /* Build configuration list for PBXProject "expendAlertViewDemo" */ = {
			isa = XCConfigurationList;
			buildConfigurations = (
				ECA3E6ED198F6FC20029EF9E /* Debug */,
				ECA3E6EE198F6FC20029EF9E /* Release */,
			);
			defaultConfigurationIsVisible = 0;
			defaultConfigurationName = Release;
		};
		ECA3E6EF198F6FC20029EF9E /* Build configuration list for PBXNativeTarget "expendAlertViewDemo" */ = {
			isa = XCConfigurationList;
			buildConfigurations = (
				ECA3E6F0198F6FC20029EF9E /* Debug */,
				ECA3E6F1198F6FC20029EF9E /* Release */,
			);
			defaultConfigurationIsVisible = 0;
		};
		ECA3E6F2198F6FC20029EF9E /* Build configuration list for PBXNativeTarget "expendAlertViewDemoTests" */ = {
			isa = XCConfigurationList;
			buildConfigurations = (
				ECA3E6F3198F6FC20029EF9E /* Debug */,
				ECA3E6F4198F6FC20029EF9E /* Release */,
			);
			defaultConfigurationIsVisible = 0;
		};
/* End XCConfigurationList section */
	};
	rootObject = ECA3E6B5198F6FC10029EF9E /* Project object */;
}
